
Microsoft Visual Studio Solution File, Format Version 12.00
# Visual Studio 15
VisualStudioVersion = 15.0.27703.2035
MinimumVisualStudioVersion = 10.0.40219.1
Project("{FAE04EC0-301F-11D3-BF4B-00C04F79EFBC}") = "Lab4", "Lab4\Lab4.csproj", "{94367999-BA53-4161-98C9-E9D0FE1427F4}"
EndProject
Global
	GlobalSection(SolutionConfigurationPlatforms) = preSolution
		Debug|Any CPU = Debug|Any CPU
		Release|Any CPU = Release|Any CPU
	EndGlobalSection
	GlobalSection(ProjectConfigurationPlatforms) = postSolution
		{94367999-BA53-4161-98C9-E9D0FE1427F4}.Debug|Any CPU.ActiveCfg = Debug|Any CPU
		{94367999-BA53-4161-98C9-E9D0FE1427F4}.Debug|Any CPU.Build.0 = Debug|Any CPU
		{94367999-BA53-4161-98C9-E9D0FE1427F4}.Release|Any CPU.ActiveCfg = Release|Any CPU
		{94367999-BA53-4161-98C9-E9D0FE1427F4}.Release|Any CPU.Build.0 = Release|Any CPU
	EndGlobalSection
	GlobalSection(SolutionProperties) = preSolution
		HideSolutionNode = FALSE
	EndGlobalSection
	GlobalSection(ExtensibilityGlobals) = postSolution
		SolutionGuid = {F6305BDF-74D5-40F9-9C31-2B559EDBC989}
	EndGlobalSection
EndGlobal
