
Microsoft Visual Studio Solution File, Format Version 12.00
# Visual Studio 15
VisualStudioVersion = 15.0.27703.2035
MinimumVisualStudioVersion = 10.0.40219.1
Project("{FAE04EC0-301F-11D3-BF4B-00C04F79EFBC}") = "Lab3_PR", "Lab3_PR\Lab3_PR.csproj", "{127A66F0-037D-431A-819A-E9E99D32EEE6}"
EndProject
Global
	GlobalSection(SolutionConfigurationPlatforms) = preSolution
		Debug|Any CPU = Debug|Any CPU
		Release|Any CPU = Release|Any CPU
	EndGlobalSection
	GlobalSection(ProjectConfigurationPlatforms) = postSolution
		{127A66F0-037D-431A-819A-E9E99D32EEE6}.Debug|Any CPU.ActiveCfg = Debug|Any CPU
		{127A66F0-037D-431A-819A-E9E99D32EEE6}.Debug|Any CPU.Build.0 = Debug|Any CPU
		{127A66F0-037D-431A-819A-E9E99D32EEE6}.Release|Any CPU.ActiveCfg = Release|Any CPU
		{127A66F0-037D-431A-819A-E9E99D32EEE6}.Release|Any CPU.Build.0 = Release|Any CPU
	EndGlobalSection
	GlobalSection(SolutionProperties) = preSolution
		HideSolutionNode = FALSE
	EndGlobalSection
	GlobalSection(ExtensibilityGlobals) = postSolution
		SolutionGuid = {241395DE-6CBF-46EE-BC8C-45828DD0783A}
	EndGlobalSection
EndGlobal
